// !$*UTF8*$!
{
	archiveVersion = 1;
	classes = {
	};
	objectVersion = 55;
	objects = {

/* Begin PBXBuildFile section */
		5825BD3A2854EC9F0082069A /* AddressBookApp.swift in Sources */ = {isa = PBXBuildFile; fileRef = 5825BD392854EC9F0082069A /* AddressBookApp.swift */; };
		5825BD3E2854ECA10082069A /* Assets.xcassets in Resources */ = {isa = PBXBuildFile; fileRef = 5825BD3D2854ECA10082069A /* Assets.xcassets */; };
		5825BD412854ECA10082069A /* Preview Assets.xcassets in Resources */ = {isa = PBXBuildFile; fileRef = 5825BD402854ECA10082069A /* Preview Assets.xcassets */; };
		5825BDC42854ED6F0082069A /* LocationManager.swift in Sources */ = {isa = PBXBuildFile; fileRef = 5825BDA72854ED6E0082069A /* LocationManager.swift */; };
		5825BDC52854ED6F0082069A /* FileManager-extension.swift in Sources */ = {isa = PBXBuildFile; fileRef = 5825BDA92854ED6E0082069A /* FileManager-extension.swift */; };
		5825BDC62854ED6F0082069A /* ShapeStyle-extension.swift in Sources */ = {isa = PBXBuildFile; fileRef = 5825BDAA2854ED6E0082069A /* ShapeStyle-extension.swift */; };
		5825BDC72854ED6F0082069A /* String-extension.swift in Sources */ = {isa = PBXBuildFile; fileRef = 5825BDAB2854ED6E0082069A /* String-extension.swift */; };
		5825BDC82854ED6F0082069A /* JSONFile.swift in Sources */ = {isa = PBXBuildFile; fileRef = 5825BDAD2854ED6E0082069A /* JSONFile.swift */; };
		5825BDC92854ED6F0082069A /* ContactStore.swift in Sources */ = {isa = PBXBuildFile; fileRef = 5825BDAE2854ED6E0082069A /* ContactStore.swift */; };
		5825BDCA2854ED6F0082069A /* Order.swift in Sources */ = {isa = PBXBuildFile; fileRef = 5825BDAF2854ED6E0082069A /* Order.swift */; };
		5825BDCE2854ED6F0082069A /* Contact.swift in Sources */ = {isa = PBXBuildFile; fileRef = 5825BDB32854ED6E0082069A /* Contact.swift */; };
		5825BDCF2854ED6F0082069A /* LabelPicker.swift in Sources */ = {isa = PBXBuildFile; fileRef = 5825BDB52854ED6F0082069A /* LabelPicker.swift */; };
		5825BDD02854ED6F0082069A /* ContactDetails.swift in Sources */ = {isa = PBXBuildFile; fileRef = 5825BDB62854ED6F0082069A /* ContactDetails.swift */; };
		5825BDD12854ED6F0082069A /* EditContact.swift in Sources */ = {isa = PBXBuildFile; fileRef = 5825BDB72854ED6F0082069A /* EditContact.swift */; };
		5825BDD22854ED6F0082069A /* ImagePicker.swift in Sources */ = {isa = PBXBuildFile; fileRef = 5825BDB82854ED6F0082069A /* ImagePicker.swift */; };
		5825BDD32854ED6F0082069A /* InitialsGrid.swift in Sources */ = {isa = PBXBuildFile; fileRef = 5825BDB92854ED6F0082069A /* InitialsGrid.swift */; };
		5825BDD42854ED6F0082069A /* CodeScanner.swift in Sources */ = {isa = PBXBuildFile; fileRef = 5825BDBB2854ED6F0082069A /* CodeScanner.swift */; };
		5825BDD52854ED6F0082069A /* ScannerCoordinator.swift in Sources */ = {isa = PBXBuildFile; fileRef = 5825BDBC2854ED6F0082069A /* ScannerCoordinator.swift */; };
		5825BDD62854ED6F0082069A /* ScannerViewController.swift in Sources */ = {isa = PBXBuildFile; fileRef = 5825BDBD2854ED6F0082069A /* ScannerViewController.swift */; };
		5825BDD72854ED6F0082069A /* CodeGenerator.swift in Sources */ = {isa = PBXBuildFile; fileRef = 5825BDBE2854ED6F0082069A /* CodeGenerator.swift */; };
		5825BDD82854ED6F0082069A /* ManageContacts.swift in Sources */ = {isa = PBXBuildFile; fileRef = 5825BDBF2854ED6F0082069A /* ManageContacts.swift */; };
		5825BDD92854ED6F0082069A /* EditableContactImage.swift in Sources */ = {isa = PBXBuildFile; fileRef = 5825BDC02854ED6F0082069A /* EditableContactImage.swift */; };
		5825BDDA2854ED6F0082069A /* ContactList.swift in Sources */ = {isa = PBXBuildFile; fileRef = 5825BDC12854ED6F0082069A /* ContactList.swift */; };
		5825BDDB2854ED6F0082069A /* ContactImage.swift in Sources */ = {isa = PBXBuildFile; fileRef = 5825BDC22854ED6F0082069A /* ContactImage.swift */; };
		58725AB82857C4C6004BF574 /* LabeledValue.swift in Sources */ = {isa = PBXBuildFile; fileRef = 58725AB72857C4C6004BF574 /* LabeledValue.swift */; };
		58725AD628590BA2004BF574 /* DuplicatesList.swift in Sources */ = {isa = PBXBuildFile; fileRef = 58725AD528590BA1004BF574 /* DuplicatesList.swift */; };
		58725AD828594B11004BF574 /* MergeContact.swift in Sources */ = {isa = PBXBuildFile; fileRef = 58725AD728594B11004BF574 /* MergeContact.swift */; };
		58745610285D04D5004EEFD1 /* Folder.swift in Sources */ = {isa = PBXBuildFile; fileRef = 5874560F285D04D5004EEFD1 /* Folder.swift */; };
		58745615285F505F004EEFD1 /* ContactListViewModel.swift in Sources */ = {isa = PBXBuildFile; fileRef = 58745614285F505F004EEFD1 /* ContactListViewModel.swift */; };
		58DA70CA285B602900BEA685 /* CNContact-extension.swift in Sources */ = {isa = PBXBuildFile; fileRef = 58DA70C9285B602900BEA685 /* CNContact-extension.swift */; };
/* End PBXBuildFile section */

/* Begin PBXFileReference section */
		5825BD362854EC9F0082069A /* Address Book.app */ = {isa = PBXFileReference; explicitFileType = wrapper.application; includeInIndex = 0; path = "Address Book.app"; sourceTree = BUILT_PRODUCTS_DIR; };
		5825BD392854EC9F0082069A /* AddressBookApp.swift */ = {isa = PBXFileReference; lastKnownFileType = sourcecode.swift; path = AddressBookApp.swift; sourceTree = "<group>"; };
		5825BD3D2854ECA10082069A /* Assets.xcassets */ = {isa = PBXFileReference; lastKnownFileType = folder.assetcatalog; path = Assets.xcassets; sourceTree = "<group>"; };
		5825BD402854ECA10082069A /* Preview Assets.xcassets */ = {isa = PBXFileReference; lastKnownFileType = folder.assetcatalog; path = "Preview Assets.xcassets"; sourceTree = "<group>"; };
		5825BDA72854ED6E0082069A /* LocationManager.swift */ = {isa = PBXFileReference; fileEncoding = 4; lastKnownFileType = sourcecode.swift; path = LocationManager.swift; sourceTree = "<group>"; };
		5825BDA92854ED6E0082069A /* FileManager-extension.swift */ = {isa = PBXFileReference; fileEncoding = 4; lastKnownFileType = sourcecode.swift; path = "FileManager-extension.swift"; sourceTree = "<group>"; };
		5825BDAA2854ED6E0082069A /* ShapeStyle-extension.swift */ = {isa = PBXFileReference; fileEncoding = 4; lastKnownFileType = sourcecode.swift; path = "ShapeStyle-extension.swift"; sourceTree = "<group>"; };
		5825BDAB2854ED6E0082069A /* String-extension.swift */ = {isa = PBXFileReference; fileEncoding = 4; lastKnownFileType = sourcecode.swift; path = "String-extension.swift"; sourceTree = "<group>"; };
		5825BDAD2854ED6E0082069A /* JSONFile.swift */ = {isa = PBXFileReference; fileEncoding = 4; lastKnownFileType = sourcecode.swift; path = JSONFile.swift; sourceTree = "<group>"; };
		5825BDAE2854ED6E0082069A /* ContactStore.swift */ = {isa = PBXFileReference; fileEncoding = 4; lastKnownFileType = sourcecode.swift; path = ContactStore.swift; sourceTree = "<group>"; };
		5825BDAF2854ED6E0082069A /* Order.swift */ = {isa = PBXFileReference; fileEncoding = 4; lastKnownFileType = sourcecode.swift; path = Order.swift; sourceTree = "<group>"; };
		5825BDB32854ED6E0082069A /* Contact.swift */ = {isa = PBXFileReference; fileEncoding = 4; lastKnownFileType = sourcecode.swift; path = Contact.swift; sourceTree = "<group>"; };
		5825BDB52854ED6F0082069A /* LabelPicker.swift */ = {isa = PBXFileReference; fileEncoding = 4; lastKnownFileType = sourcecode.swift; path = LabelPicker.swift; sourceTree = "<group>"; };
		5825BDB62854ED6F0082069A /* ContactDetails.swift */ = {isa = PBXFileReference; fileEncoding = 4; lastKnownFileType = sourcecode.swift; path = ContactDetails.swift; sourceTree = "<group>"; };
		5825BDB72854ED6F0082069A /* EditContact.swift */ = {isa = PBXFileReference; fileEncoding = 4; lastKnownFileType = sourcecode.swift; path = EditContact.swift; sourceTree = "<group>"; };
		5825BDB82854ED6F0082069A /* ImagePicker.swift */ = {isa = PBXFileReference; fileEncoding = 4; lastKnownFileType = sourcecode.swift; path = ImagePicker.swift; sourceTree = "<group>"; };
		5825BDB92854ED6F0082069A /* InitialsGrid.swift */ = {isa = PBXFileReference; fileEncoding = 4; lastKnownFileType = sourcecode.swift; path = InitialsGrid.swift; sourceTree = "<group>"; };
		5825BDBB2854ED6F0082069A /* CodeScanner.swift */ = {isa = PBXFileReference; fileEncoding = 4; lastKnownFileType = sourcecode.swift; path = CodeScanner.swift; sourceTree = "<group>"; };
		5825BDBC2854ED6F0082069A /* ScannerCoordinator.swift */ = {isa = PBXFileReference; fileEncoding = 4; lastKnownFileType = sourcecode.swift; path = ScannerCoordinator.swift; sourceTree = "<group>"; };
		5825BDBD2854ED6F0082069A /* ScannerViewController.swift */ = {isa = PBXFileReference; fileEncoding = 4; lastKnownFileType = sourcecode.swift; path = ScannerViewController.swift; sourceTree = "<group>"; };
		5825BDBE2854ED6F0082069A /* CodeGenerator.swift */ = {isa = PBXFileReference; fileEncoding = 4; lastKnownFileType = sourcecode.swift; path = CodeGenerator.swift; sourceTree = "<group>"; };
		5825BDBF2854ED6F0082069A /* ManageContacts.swift */ = {isa = PBXFileReference; fileEncoding = 4; lastKnownFileType = sourcecode.swift; path = ManageContacts.swift; sourceTree = "<group>"; };
		5825BDC02854ED6F0082069A /* EditableContactImage.swift */ = {isa = PBXFileReference; fileEncoding = 4; lastKnownFileType = sourcecode.swift; path = EditableContactImage.swift; sourceTree = "<group>"; };
		5825BDC12854ED6F0082069A /* ContactList.swift */ = {isa = PBXFileReference; fileEncoding = 4; lastKnownFileType = sourcecode.swift; path = ContactList.swift; sourceTree = "<group>"; };
		5825BDC22854ED6F0082069A /* ContactImage.swift */ = {isa = PBXFileReference; fileEncoding = 4; lastKnownFileType = sourcecode.swift; path = ContactImage.swift; sourceTree = "<group>"; };
		58725AB72857C4C6004BF574 /* LabeledValue.swift */ = {isa = PBXFileReference; lastKnownFileType = sourcecode.swift; path = LabeledValue.swift; sourceTree = "<group>"; };
		58725AD528590BA1004BF574 /* DuplicatesList.swift */ = {isa = PBXFileReference; lastKnownFileType = sourcecode.swift; path = DuplicatesList.swift; sourceTree = "<group>"; };
		58725AD728594B11004BF574 /* MergeContact.swift */ = {isa = PBXFileReference; lastKnownFileType = sourcecode.swift; path = MergeContact.swift; sourceTree = "<group>"; };
		5874560F285D04D5004EEFD1 /* Folder.swift */ = {isa = PBXFileReference; lastKnownFileType = sourcecode.swift; path = Folder.swift; sourceTree = "<group>"; };
		58745614285F505F004EEFD1 /* ContactListViewModel.swift */ = {isa = PBXFileReference; lastKnownFileType = sourcecode.swift; path = ContactListViewModel.swift; sourceTree = "<group>"; };
		58DA70C9285B602900BEA685 /* CNContact-extension.swift */ = {isa = PBXFileReference; lastKnownFileType = sourcecode.swift; path = "CNContact-extension.swift"; sourceTree = "<group>"; };
/* End PBXFileReference section */

/* Begin PBXFrameworksBuildPhase section */
		5825BD332854EC9F0082069A /* Frameworks */ = {
			isa = PBXFrameworksBuildPhase;
			buildActionMask = 2147483647;
			files = (
			);
			runOnlyForDeploymentPostprocessing = 0;
		};
/* End PBXFrameworksBuildPhase section */

/* Begin PBXGroup section */
		5825BD2D2854EC9F0082069A = {
			isa = PBXGroup;
			children = (
				5825BD382854EC9F0082069A /* Address Book */,
				5825BD372854EC9F0082069A /* Products */,
			);
			sourceTree = "<group>";
		};
		5825BD372854EC9F0082069A /* Products */ = {
			isa = PBXGroup;
			children = (
				5825BD362854EC9F0082069A /* Address Book.app */,
			);
			name = Products;
			sourceTree = "<group>";
		};
		5825BD382854EC9F0082069A /* Address Book */ = {
			isa = PBXGroup;
			children = (
				5825BD392854EC9F0082069A /* AddressBookApp.swift */,
				5825BDAC2854ED6E0082069A /* Model */,
				5825BDB42854ED6F0082069A /* View */,
				58745616285F50B4004EEFD1 /* ViewModel */,
				5825BDBA2854ED6F0082069A /* Code Scanner */,
				5825BDA82854ED6E0082069A /* Extension */,
				5825BD3D2854ECA10082069A /* Assets.xcassets */,
				5825BD3F2854ECA10082069A /* Preview Content */,
			);
			path = "Address Book";
			sourceTree = "<group>";
		};
		5825BD3F2854ECA10082069A /* Preview Content */ = {
			isa = PBXGroup;
			children = (
				5825BD402854ECA10082069A /* Preview Assets.xcassets */,
			);
			path = "Preview Content";
			sourceTree = "<group>";
		};
		5825BDA82854ED6E0082069A /* Extension */ = {
			isa = PBXGroup;
			children = (
				5825BDA92854ED6E0082069A /* FileManager-extension.swift */,
				5825BDAB2854ED6E0082069A /* String-extension.swift */,
				58DA70C9285B602900BEA685 /* CNContact-extension.swift */,
				5825BDAA2854ED6E0082069A /* ShapeStyle-extension.swift */,
			);
			path = Extension;
			sourceTree = "<group>";
		};
		5825BDAC2854ED6E0082069A /* Model */ = {
			isa = PBXGroup;
			children = (
				5825BDB32854ED6E0082069A /* Contact.swift */,
				5825BDAE2854ED6E0082069A /* ContactStore.swift */,
				58725AB72857C4C6004BF574 /* LabeledValue.swift */,
				5825BDAF2854ED6E0082069A /* Order.swift */,
				5825BDA72854ED6E0082069A /* LocationManager.swift */,
				5874560F285D04D5004EEFD1 /* Folder.swift */,
				5825BDAD2854ED6E0082069A /* JSONFile.swift */,
			);
			path = Model;
			sourceTree = "<group>";
		};
		5825BDB42854ED6F0082069A /* View */ = {
			isa = PBXGroup;
			children = (
				5825BDC12854ED6F0082069A /* ContactList.swift */,
				5825BDB92854ED6F0082069A /* InitialsGrid.swift */,
				5825BDB62854ED6F0082069A /* ContactDetails.swift */,
				5825BDBE2854ED6F0082069A /* CodeGenerator.swift */,
				5825BDB72854ED6F0082069A /* EditContact.swift */,
				5825BDB52854ED6F0082069A /* LabelPicker.swift */,
				5825BDBF2854ED6F0082069A /* ManageContacts.swift */,
				58725AD528590BA1004BF574 /* DuplicatesList.swift */,
				58725AD728594B11004BF574 /* MergeContact.swift */,
				5825BDB82854ED6F0082069A /* ImagePicker.swift */,
				5825BDC22854ED6F0082069A /* ContactImage.swift */,
				5825BDC02854ED6F0082069A /* EditableContactImage.swift */,
			);
			path = View;
			sourceTree = "<group>";
		};
		5825BDBA2854ED6F0082069A /* Code Scanner */ = {
			isa = PBXGroup;
			children = (
				5825BDBB2854ED6F0082069A /* CodeScanner.swift */,
				5825BDBC2854ED6F0082069A /* ScannerCoordinator.swift */,
				5825BDBD2854ED6F0082069A /* ScannerViewController.swift */,
			);
			path = "Code Scanner";
			sourceTree = "<group>";
		};
		58745616285F50B4004EEFD1 /* ViewModel */ = {
			isa = PBXGroup;
			children = (
				58745614285F505F004EEFD1 /* ContactListViewModel.swift */,
			);
			path = ViewModel;
			sourceTree = "<group>";
		};
/* End PBXGroup section */

/* Begin PBXNativeTarget section */
		5825BD352854EC9F0082069A /* Address Book */ = {
			isa = PBXNativeTarget;
			buildConfigurationList = 5825BD442854ECA10082069A /* Build configuration list for PBXNativeTarget "Address Book" */;
			buildPhases = (
				5825BD322854EC9F0082069A /* Sources */,
				5825BD332854EC9F0082069A /* Frameworks */,
				5825BD342854EC9F0082069A /* Resources */,
			);
			buildRules = (
			);
			dependencies = (
			);
			name = "Address Book";
			productName = "Address Book";
			productReference = 5825BD362854EC9F0082069A /* Address Book.app */;
			productType = "com.apple.product-type.application";
		};
/* End PBXNativeTarget section */

/* Begin PBXProject section */
		5825BD2E2854EC9F0082069A /* Project object */ = {
			isa = PBXProject;
			attributes = {
				BuildIndependentTargetsInParallel = 1;
				LastSwiftUpdateCheck = 1340;
				LastUpgradeCheck = 1340;
				TargetAttributes = {
					5825BD352854EC9F0082069A = {
						CreatedOnToolsVersion = 13.4.1;
					};
				};
			};
			buildConfigurationList = 5825BD312854EC9F0082069A /* Build configuration list for PBXProject "Address Book" */;
			compatibilityVersion = "Xcode 13.0";
			developmentRegion = en;
			hasScannedForEncodings = 0;
			knownRegions = (
				en,
				Base,
			);
			mainGroup = 5825BD2D2854EC9F0082069A;
			productRefGroup = 5825BD372854EC9F0082069A /* Products */;
			projectDirPath = "";
			projectRoot = "";
			targets = (
				5825BD352854EC9F0082069A /* Address Book */,
			);
		};
/* End PBXProject section */

/* Begin PBXResourcesBuildPhase section */
		5825BD342854EC9F0082069A /* Resources */ = {
			isa = PBXResourcesBuildPhase;
			buildActionMask = 2147483647;
			files = (
				5825BD412854ECA10082069A /* Preview Assets.xcassets in Resources */,
				5825BD3E2854ECA10082069A /* Assets.xcassets in Resources */,
			);
			runOnlyForDeploymentPostprocessing = 0;
		};
/* End PBXResourcesBuildPhase section */

/* Begin PBXSourcesBuildPhase section */
		5825BD322854EC9F0082069A /* Sources */ = {
			isa = PBXSourcesBuildPhase;
			buildActionMask = 2147483647;
			files = (
				5825BDCE2854ED6F0082069A /* Contact.swift in Sources */,
				5825BDD02854ED6F0082069A /* ContactDetails.swift in Sources */,
				5825BDC72854ED6F0082069A /* String-extension.swift in Sources */,
				5825BDD22854ED6F0082069A /* ImagePicker.swift in Sources */,
				5825BDD72854ED6F0082069A /* CodeGenerator.swift in Sources */,
				58745615285F505F004EEFD1 /* ContactListViewModel.swift in Sources */,
				5825BDD92854ED6F0082069A /* EditableContactImage.swift in Sources */,
				58DA70CA285B602900BEA685 /* CNContact-extension.swift in Sources */,
				5825BDD42854ED6F0082069A /* CodeScanner.swift in Sources */,
				5825BDD62854ED6F0082069A /* ScannerViewController.swift in Sources */,
				5825BDD32854ED6F0082069A /* InitialsGrid.swift in Sources */,
				5825BD3A2854EC9F0082069A /* AddressBookApp.swift in Sources */,
				58725AB82857C4C6004BF574 /* LabeledValue.swift in Sources */,
				5825BDCA2854ED6F0082069A /* Order.swift in Sources */,
				5825BDC82854ED6F0082069A /* JSONFile.swift in Sources */,
				5825BDDA2854ED6F0082069A /* ContactList.swift in Sources */,
				5825BDD82854ED6F0082069A /* ManageContacts.swift in Sources */,
				5825BDC42854ED6F0082069A /* LocationManager.swift in Sources */,
				5825BDCF2854ED6F0082069A /* LabelPicker.swift in Sources */,
				5825BDDB2854ED6F0082069A /* ContactImage.swift in Sources */,
				58725AD628590BA2004BF574 /* DuplicatesList.swift in Sources */,
				5825BDD52854ED6F0082069A /* ScannerCoordinator.swift in Sources */,
				58725AD828594B11004BF574 /* MergeContact.swift in Sources */,
				5825BDC62854ED6F0082069A /* ShapeStyle-extension.swift in Sources */,
				5825BDC92854ED6F0082069A /* ContactStore.swift in Sources */,
				5825BDC52854ED6F0082069A /* FileManager-extension.swift in Sources */,
				5825BDD12854ED6F0082069A /* EditContact.swift in Sources */,
				58745610285D04D5004EEFD1 /* Folder.swift in Sources */,
			);
			runOnlyForDeploymentPostprocessing = 0;
		};
/* End PBXSourcesBuildPhase section */

/* Begin XCBuildConfiguration section */
		5825BD422854ECA10082069A /* Debug */ = {
			isa = XCBuildConfiguration;
			buildSettings = {
				ALWAYS_SEARCH_USER_PATHS = NO;
				CLANG_ANALYZER_NONNULL = YES;
				CLANG_ANALYZER_NUMBER_OBJECT_CONVERSION = YES_AGGRESSIVE;
				CLANG_CXX_LANGUAGE_STANDARD = "gnu++17";
				CLANG_ENABLE_MODULES = YES;
				CLANG_ENABLE_OBJC_ARC = YES;
				CLANG_ENABLE_OBJC_WEAK = YES;
				CLANG_WARN_BLOCK_CAPTURE_AUTORELEASING = YES;
				CLANG_WARN_BOOL_CONVERSION = YES;
				CLANG_WARN_COMMA = YES;
				CLANG_WARN_CONSTANT_CONVERSION = YES;
				CLANG_WARN_DEPRECATED_OBJC_IMPLEMENTATIONS = YES;
				CLANG_WARN_DIRECT_OBJC_ISA_USAGE = YES_ERROR;
				CLANG_WARN_DOCUMENTATION_COMMENTS = YES;
				CLANG_WARN_EMPTY_BODY = YES;
				CLANG_WARN_ENUM_CONVERSION = YES;
				CLANG_WARN_INFINITE_RECURSION = YES;
				CLANG_WARN_INT_CONVERSION = YES;
				CLANG_WARN_NON_LITERAL_NULL_CONVERSION = YES;
				CLANG_WARN_OBJC_IMPLICIT_RETAIN_SELF = YES;
				CLANG_WARN_OBJC_LITERAL_CONVERSION = YES;
				CLANG_WARN_OBJC_ROOT_CLASS = YES_ERROR;
				CLANG_WARN_QUOTED_INCLUDE_IN_FRAMEWORK_HEADER = YES;
				CLANG_WARN_RANGE_LOOP_ANALYSIS = YES;
				CLANG_WARN_STRICT_PROTOTYPES = YES;
				CLANG_WARN_SUSPICIOUS_MOVE = YES;
				CLANG_WARN_UNGUARDED_AVAILABILITY = YES_AGGRESSIVE;
				CLANG_WARN_UNREACHABLE_CODE = YES;
				CLANG_WARN__DUPLICATE_METHOD_MATCH = YES;
				COPY_PHASE_STRIP = NO;
				DEBUG_INFORMATION_FORMAT = dwarf;
				ENABLE_STRICT_OBJC_MSGSEND = YES;
				ENABLE_TESTABILITY = YES;
				GCC_C_LANGUAGE_STANDARD = gnu11;
				GCC_DYNAMIC_NO_PIC = NO;
				GCC_NO_COMMON_BLOCKS = YES;
				GCC_OPTIMIZATION_LEVEL = 0;
				GCC_PREPROCESSOR_DEFINITIONS = (
					"DEBUG=1",
					"$(inherited)",
				);
				GCC_WARN_64_TO_32_BIT_CONVERSION = YES;
				GCC_WARN_ABOUT_RETURN_TYPE = YES_ERROR;
				GCC_WARN_UNDECLARED_SELECTOR = YES;
				GCC_WARN_UNINITIALIZED_AUTOS = YES_AGGRESSIVE;
				GCC_WARN_UNUSED_FUNCTION = YES;
				GCC_WARN_UNUSED_VARIABLE = YES;
				IPHONEOS_DEPLOYMENT_TARGET = 15.5;
				MTL_ENABLE_DEBUG_INFO = INCLUDE_SOURCE;
				MTL_FAST_MATH = YES;
				ONLY_ACTIVE_ARCH = YES;
				SDKROOT = iphoneos;
				SWIFT_ACTIVE_COMPILATION_CONDITIONS = DEBUG;
				SWIFT_OPTIMIZATION_LEVEL = "-Onone";
			};
			name = Debug;
		};
		5825BD432854ECA10082069A /* Release */ = {
			isa = XCBuildConfiguration;
			buildSettings = {
				ALWAYS_SEARCH_USER_PATHS = NO;
				CLANG_ANALYZER_NONNULL = YES;
				CLANG_ANALYZER_NUMBER_OBJECT_CONVERSION = YES_AGGRESSIVE;
				CLANG_CXX_LANGUAGE_STANDARD = "gnu++17";
				CLANG_ENABLE_MODULES = YES;
				CLANG_ENABLE_OBJC_ARC = YES;
				CLANG_ENABLE_OBJC_WEAK = YES;
				CLANG_WARN_BLOCK_CAPTURE_AUTORELEASING = YES;
				CLANG_WARN_BOOL_CONVERSION = YES;
				CLANG_WARN_COMMA = YES;
				CLANG_WARN_CONSTANT_CONVERSION = YES;
				CLANG_WARN_DEPRECATED_OBJC_IMPLEMENTATIONS = YES;
				CLANG_WARN_DIRECT_OBJC_ISA_USAGE = YES_ERROR;
				CLANG_WARN_DOCUMENTATION_COMMENTS = YES;
				CLANG_WARN_EMPTY_BODY = YES;
				CLANG_WARN_ENUM_CONVERSION = YES;
				CLANG_WARN_INFINITE_RECURSION = YES;
				CLANG_WARN_INT_CONVERSION = YES;
				CLANG_WARN_NON_LITERAL_NULL_CONVERSION = YES;
				CLANG_WARN_OBJC_IMPLICIT_RETAIN_SELF = YES;
				CLANG_WARN_OBJC_LITERAL_CONVERSION = YES;
				CLANG_WARN_OBJC_ROOT_CLASS = YES_ERROR;
				CLANG_WARN_QUOTED_INCLUDE_IN_FRAMEWORK_HEADER = YES;
				CLANG_WARN_RANGE_LOOP_ANALYSIS = YES;
				CLANG_WARN_STRICT_PROTOTYPES = YES;
				CLANG_WARN_SUSPICIOUS_MOVE = YES;
				CLANG_WARN_UNGUARDED_AVAILABILITY = YES_AGGRESSIVE;
				CLANG_WARN_UNREACHABLE_CODE = YES;
				CLANG_WARN__DUPLICATE_METHOD_MATCH = YES;
				COPY_PHASE_STRIP = NO;
				DEBUG_INFORMATION_FORMAT = "dwarf-with-dsym";
				ENABLE_NS_ASSERTIONS = NO;
				ENABLE_STRICT_OBJC_MSGSEND = YES;
				GCC_C_LANGUAGE_STANDARD = gnu11;
				GCC_NO_COMMON_BLOCKS = YES;
				GCC_WARN_64_TO_32_BIT_CONVERSION = YES;
				GCC_WARN_ABOUT_RETURN_TYPE = YES_ERROR;
				GCC_WARN_UNDECLARED_SELECTOR = YES;
				GCC_WARN_UNINITIALIZED_AUTOS = YES_AGGRESSIVE;
				GCC_WARN_UNUSED_FUNCTION = YES;
				GCC_WARN_UNUSED_VARIABLE = YES;
				IPHONEOS_DEPLOYMENT_TARGET = 15.5;
				MTL_ENABLE_DEBUG_INFO = NO;
				MTL_FAST_MATH = YES;
				SDKROOT = iphoneos;
				SWIFT_COMPILATION_MODE = wholemodule;
				SWIFT_OPTIMIZATION_LEVEL = "-O";
				VALIDATE_PRODUCT = YES;
			};
			name = Release;
		};
		5825BD452854ECA10082069A /* Debug */ = {
			isa = XCBuildConfiguration;
			buildSettings = {
				ASSETCATALOG_COMPILER_APPICON_NAME = AppIcon;
				ASSETCATALOG_COMPILER_GLOBAL_ACCENT_COLOR_NAME = AccentColor;
				CODE_SIGN_STYLE = Automatic;
				CURRENT_PROJECT_VERSION = 1;
				DEVELOPMENT_ASSET_PATHS = "\"Address Book/Preview Content\"";
				DEVELOPMENT_TEAM = M9H242HW29;
				ENABLE_PREVIEWS = YES;
				GENERATE_INFOPLIST_FILE = YES;
				INFOPLIST_KEY_NSCameraUsageDescription = "";
				INFOPLIST_KEY_NSContactsUsageDescription = "";
				INFOPLIST_KEY_NSFaceIDUsageDescription = "";
				INFOPLIST_KEY_NSLocationWhenInUseUsageDescription = "";
				INFOPLIST_KEY_NSPhotoLibraryUsageDescription = "";
				INFOPLIST_KEY_UIApplicationSceneManifest_Generation = YES;
				INFOPLIST_KEY_UIApplicationSupportsIndirectInputEvents = YES;
				INFOPLIST_KEY_UILaunchScreen_Generation = YES;
				INFOPLIST_KEY_UISupportedInterfaceOrientations_iPad = "UIInterfaceOrientationPortrait UIInterfaceOrientationPortraitUpsideDown UIInterfaceOrientationLandscapeLeft UIInterfaceOrientationLandscapeRight";
				INFOPLIST_KEY_UISupportedInterfaceOrientations_iPhone = "UIInterfaceOrientationPortrait UIInterfaceOrientationLandscapeLeft UIInterfaceOrientationLandscapeRight";
				LD_RUNPATH_SEARCH_PATHS = (
					"$(inherited)",
					"@executable_path/Frameworks",
				);
				MARKETING_VERSION = 1.0;
				PRODUCT_BUNDLE_IDENTIFIER = "com.fawzirifai.Address-Book";
				PRODUCT_NAME = "$(TARGET_NAME)";
				SWIFT_EMIT_LOC_STRINGS = YES;
				SWIFT_VERSION = 5.0;
				TARGETED_DEVICE_FAMILY = "1,2";
			};
			name = Debug;
		};
		5825BD462854ECA10082069A /* Release */ = {
			isa = XCBuildConfiguration;
			buildSettings = {
				ASSETCATALOG_COMPILER_APPICON_NAME = AppIcon;
				ASSETCATALOG_COMPILER_GLOBAL_ACCENT_COLOR_NAME = AccentColor;
				CODE_SIGN_STYLE = Automatic;
				CURRENT_PROJECT_VERSION = 1;
				DEVELOPMENT_ASSET_PATHS = "\"Address Book/Preview Content\"";
				DEVELOPMENT_TEAM = M9H242HW29;
				ENABLE_PREVIEWS = YES;
				GENERATE_INFOPLIST_FILE = YES;
				INFOPLIST_KEY_NSCameraUsageDescription = "";
				INFOPLIST_KEY_NSContactsUsageDescription = "";
				INFOPLIST_KEY_NSFaceIDUsageDescription = "";
				INFOPLIST_KEY_NSLocationWhenInUseUsageDescription = "";
				INFOPLIST_KEY_NSPhotoLibraryUsageDescription = "";
				INFOPLIST_KEY_UIApplicationSceneManifest_Generation = YES;
				INFOPLIST_KEY_UIApplicationSupportsIndirectInputEvents = YES;
				INFOPLIST_KEY_UILaunchScreen_Generation = YES;
				INFOPLIST_KEY_UISupportedInterfaceOrientations_iPad = "UIInterfaceOrientationPortrait UIInterfaceOrientationPortraitUpsideDown UIInterfaceOrientationLandscapeLeft UIInterfaceOrientationLandscapeRight";
				INFOPLIST_KEY_UISupportedInterfaceOrientations_iPhone = "UIInterfaceOrientationPortrait UIInterfaceOrientationLandscapeLeft UIInterfaceOrientationLandscapeRight";
				LD_RUNPATH_SEARCH_PATHS = (
					"$(inherited)",
					"@executable_path/Frameworks",
				);
				MARKETING_VERSION = 1.0;
				PRODUCT_BUNDLE_IDENTIFIER = "com.fawzirifai.Address-Book";
				PRODUCT_NAME = "$(TARGET_NAME)";
				SWIFT_EMIT_LOC_STRINGS = YES;
				SWIFT_VERSION = 5.0;
				TARGETED_DEVICE_FAMILY = "1,2";
			};
			name = Release;
		};
/* End XCBuildConfiguration section */

/* Begin XCConfigurationList section */
		5825BD312854EC9F0082069A /* Build configuration list for PBXProject "Address Book" */ = {
			isa = XCConfigurationList;
			buildConfigurations = (
				5825BD422854ECA10082069A /* Debug */,
				5825BD432854ECA10082069A /* Release */,
			);
			defaultConfigurationIsVisible = 0;
			defaultConfigurationName = Release;
		};
		5825BD442854ECA10082069A /* Build configuration list for PBXNativeTarget "Address Book" */ = {
			isa = XCConfigurationList;
			buildConfigurations = (
				5825BD452854ECA10082069A /* Debug */,
				5825BD462854ECA10082069A /* Release */,
			);
			defaultConfigurationIsVisible = 0;
			defaultConfigurationName = Release;
		};
/* End XCConfigurationList section */
	};
	rootObject = 5825BD2E2854EC9F0082069A /* Project object */;
}
